<?xml version="1.0" encoding="utf-8"?>
<Project ToolsVersion="4.0" xmlns="http://schemas.microsoft.com/developer/msbuild/2003">
  <ItemGroup>
    <Filter Include="Исходные файлы">
      <UniqueIdentifier>{4FC737F1-C7A5-4376-A066-2A32D752A2FF}</UniqueIdentifier>
      <Extensions>cpp;c;cc;cxx;c++;cppm;ixx;def;odl;idl;hpj;bat;asm;asmx</Extensions>
    </Filter>
    <Filter Include="Файлы заголовков">
      <UniqueIdentifier>{93995380-89BD-4b04-88EB-625FBE52EBFB}</UniqueIdentifier>
      <Extensions>h;hh;hpp;hxx;h++;hm;inl;inc;ipp;xsd</Extensions>
    </Filter>
    <Filter Include="Файлы ресурсов">
      <UniqueIdentifier>{67DA6AB6-F800-4c08-8B7A-83BB121AAD01}</UniqueIdentifier>
      <Extensions>rc;ico;cur;bmp;dlg;rc2;rct;bin;rgs;gif;jpg;jpeg;jpe;resx;tiff;tif;png;wav;mfcribbon-ms</Extensions>
    </Filter>
    <Filter Include="Исходные файлы\Config">
      <UniqueIdentifier>{f7ff6a13-b101-4005-9f01-38c876b19267}</UniqueIdentifier>
    </Filter>
    <Filter Include="Файлы заголовков\Config">
      <UniqueIdentifier>{8398ae88-9ef7-43e0-899b-c728aeb2a506}</UniqueIdentifier>
    </Filter>
    <Filter Include="Исходные файлы\Constants">
      <UniqueIdentifier>{f5bdd459-bcaf-403b-9719-a4fde1c7906b}</UniqueIdentifier>
    </Filter>
    <Filter Include="Исходные файлы\Elements">
      <UniqueIdentifier>{c0aa171a-5290-494b-934c-c94fe123ff1e}</UniqueIdentifier>
    </Filter>
    <Filter Include="Файлы заголовков\Constants">
      <UniqueIdentifier>{f1506eda-4b63-4313-9e25-66b524763c95}</UniqueIdentifier>
    </Filter>
    <Filter Include="Файлы заголовков\Elements">
      <UniqueIdentifier>{cf375494-8b8e-4409-9635-82cdb582bc89}</UniqueIdentifier>
    </Filter>
    <Filter Include="Исходные файлы\Operations">
      <UniqueIdentifier>{0862fdc0-6f35-4269-93dd-a7013733c16c}</UniqueIdentifier>
    </Filter>
    <Filter Include="Файлы заголовков\Operations">
      <UniqueIdentifier>{8997b271-86ed-446a-beb2-046cd06a782f}</UniqueIdentifier>
    </Filter>
  </ItemGroup>
  <ItemGroup>
    <ClCompile Include="main.cpp">
      <Filter>Исходные файлы</Filter>
    </ClCompile>
    <ClCompile Include="Game.cpp">
      <Filter>Исходные файлы</Filter>
    </ClCompile>
    <ClCompile Include="Config\Config.cpp">
      <Filter>Исходные файлы\Config</Filter>
    </ClCompile>
    <ClCompile Include="Constants\Constants.cpp">
      <Filter>Исходные файлы\Constants</Filter>
    </ClCompile>
    <ClCompile Include="Elements\Edge.cpp">
      <Filter>Исходные файлы\Elements</Filter>
    </ClCompile>
    <ClCompile Include="Elements\Chip.cpp">
      <Filter>Исходные файлы\Elements</Filter>
    </ClCompile>
    <ClCompile Include="Elements\Background.cpp">
      <Filter>Исходные файлы\Elements</Filter>
    </ClCompile>
    <ClCompile Include="Elements\Vertex.cpp">
      <Filter>Исходные файлы\Elements</Filter>
    </ClCompile>
    <ClCompile Include="Elements\Graph.cpp">
      <Filter>Исходные файлы\Elements</Filter>
    </ClCompile>
    <ClCompile Include="Operations\Operations.cpp">
      <Filter>Исходные файлы\Operations</Filter>
    </ClCompile>
  </ItemGroup>
  <ItemGroup>
    <ClInclude Include="Game.h">
      <Filter>Файлы заголовков</Filter>
    </ClInclude>
    <ClInclude Include="Config\Config.h">
      <Filter>Файлы заголовков\Config</Filter>
    </ClInclude>
    <ClInclude Include="Constants\Constants.h">
      <Filter>Файлы заголовков\Constants</Filter>
    </ClInclude>
    <ClInclude Include="Elements\Background.h">
      <Filter>Файлы заголовков\Elements</Filter>
    </ClInclude>
    <ClInclude Include="Elements\Chip.h">
      <Filter>Файлы заголовков\Elements</Filter>
    </ClInclude>
    <ClInclude Include="Elements\Edge.h">
      <Filter>Файлы заголовков\Elements</Filter>
    </ClInclude>
    <ClInclude Include="Elements\Vertex.h">
      <Filter>Файлы заголовков\Elements</Filter>
    </ClInclude>
    <ClInclude Include="Elements\Graph.h">
      <Filter>Файлы заголовков\Elements</Filter>
    </ClInclude>
    <ClInclude Include="Operations\Operations.h">
      <Filter>Файлы заголовков\Operations</Filter>
    </ClInclude>
    <ClInclude Include="resource.h">
      <Filter>Файлы заголовков</Filter>
    </ClInclude>
    <ClInclude Include="..\build.h">
      <Filter>Файлы заголовков</Filter>
    </ClInclude>
  </ItemGroup>
  <ItemGroup>
    <ResourceCompile Include="Game.rc">
      <Filter>Файлы ресурсов</Filter>
    </ResourceCompile>
  </ItemGroup>
  <ItemGroup>
    <Image Include="icon1.ico">
      <Filter>Файлы ресурсов</Filter>
    </Image>
    <Image Include="Resource\Cupboards.ico">
      <Filter>Файлы ресурсов</Filter>
    </Image>
  </ItemGroup>
</Project>